// !$*UTF8*$!
{
	archiveVersion = 1;
	classes = {
	};
	objectVersion = 46;
	objects = {

/* Begin PBXBuildFile section */
		62183C801C85DBC100214FCB /* XXBMediaGroupVC.swift in Sources */ = {isa = PBXBuildFile; fileRef = 62183C7C1C85DBC100214FCB /* XXBMediaGroupVC.swift */; };
		62183C811C85DBC100214FCB /* XXBMediaPicker.swift in Sources */ = {isa = PBXBuildFile; fileRef = 62183C7D1C85DBC100214FCB /* XXBMediaPicker.swift */; };
		62183C831C85E11F00214FCB /* XXBMediaGroupCell.swift in Sources */ = {isa = PBXBuildFile; fileRef = 62183C821C85E11F00214FCB /* XXBMediaGroupCell.swift */; };
		62183C851C85E6D800214FCB /* XXBMediaItemVC.swift in Sources */ = {isa = PBXBuildFile; fileRef = 62183C841C85E6D800214FCB /* XXBMediaItemVC.swift */; };
		622A64EF1C96AA25006D5114 /* XXBMediaCollectionViewDataSouce.swift in Sources */ = {isa = PBXBuildFile; fileRef = 622A64EE1C96AA25006D5114 /* XXBMediaCollectionViewDataSouce.swift */; };
		622A64F11C96AE0E006D5114 /* XXBMediaItemNomalCell.swift in Sources */ = {isa = PBXBuildFile; fileRef = 622A64F01C96AE0E006D5114 /* XXBMediaItemNomalCell.swift */; };
		62A05F501C8FCBE400C5D699 /* PHAsset+XXBMediaPHAsset.swift in Sources */ = {isa = PBXBuildFile; fileRef = 62A05F4F1C8FCBE400C5D699 /* PHAsset+XXBMediaPHAsset.swift */; };
		62A05F521C8FCD6D00C5D699 /* XXBMediaAssetDataSouce.swift in Sources */ = {isa = PBXBuildFile; fileRef = 62A05F511C8FCD6D00C5D699 /* XXBMediaAssetDataSouce.swift */; };
		62CF09B01C868BDF00CA0B72 /* XXBDataSouce.swift in Sources */ = {isa = PBXBuildFile; fileRef = 62CF09AF1C868BDF00CA0B72 /* XXBDataSouce.swift */; };
		62CF09B21C868CFC00CA0B72 /* XXBMediaTableViewDataSouce.swift in Sources */ = {isa = PBXBuildFile; fileRef = 62CF09B11C868CFC00CA0B72 /* XXBMediaTableViewDataSouce.swift */; };
		62DC5EF11C51298F00FD6C5A /* AppDelegate.swift in Sources */ = {isa = PBXBuildFile; fileRef = 62DC5EF01C51298F00FD6C5A /* AppDelegate.swift */; };
		62DC5EF31C51298F00FD6C5A /* ViewController.swift in Sources */ = {isa = PBXBuildFile; fileRef = 62DC5EF21C51298F00FD6C5A /* ViewController.swift */; };
		62DC5EF61C51298F00FD6C5A /* Main.storyboard in Resources */ = {isa = PBXBuildFile; fileRef = 62DC5EF41C51298F00FD6C5A /* Main.storyboard */; };
		62DC5EF81C51298F00FD6C5A /* Assets.xcassets in Resources */ = {isa = PBXBuildFile; fileRef = 62DC5EF71C51298F00FD6C5A /* Assets.xcassets */; };
		62DC5EFB1C51298F00FD6C5A /* LaunchScreen.storyboard in Resources */ = {isa = PBXBuildFile; fileRef = 62DC5EF91C51298F00FD6C5A /* LaunchScreen.storyboard */; };
/* End PBXBuildFile section */

/* Begin PBXFileReference section */
		62183C7C1C85DBC100214FCB /* XXBMediaGroupVC.swift */ = {isa = PBXFileReference; fileEncoding = 4; lastKnownFileType = sourcecode.swift; path = XXBMediaGroupVC.swift; sourceTree = "<group>"; };
		62183C7D1C85DBC100214FCB /* XXBMediaPicker.swift */ = {isa = PBXFileReference; fileEncoding = 4; lastKnownFileType = sourcecode.swift; path = XXBMediaPicker.swift; sourceTree = "<group>"; };
		62183C821C85E11F00214FCB /* XXBMediaGroupCell.swift */ = {isa = PBXFileReference; fileEncoding = 4; lastKnownFileType = sourcecode.swift; path = XXBMediaGroupCell.swift; sourceTree = "<group>"; };
		62183C841C85E6D800214FCB /* XXBMediaItemVC.swift */ = {isa = PBXFileReference; fileEncoding = 4; lastKnownFileType = sourcecode.swift; path = XXBMediaItemVC.swift; sourceTree = "<group>"; };
		622A64EE1C96AA25006D5114 /* XXBMediaCollectionViewDataSouce.swift */ = {isa = PBXFileReference; fileEncoding = 4; lastKnownFileType = sourcecode.swift; path = XXBMediaCollectionViewDataSouce.swift; sourceTree = "<group>"; };
		622A64F01C96AE0E006D5114 /* XXBMediaItemNomalCell.swift */ = {isa = PBXFileReference; fileEncoding = 4; lastKnownFileType = sourcecode.swift; path = XXBMediaItemNomalCell.swift; sourceTree = "<group>"; };
		62A05F4F1C8FCBE400C5D699 /* PHAsset+XXBMediaPHAsset.swift */ = {isa = PBXFileReference; fileEncoding = 4; lastKnownFileType = sourcecode.swift; path = "PHAsset+XXBMediaPHAsset.swift"; sourceTree = "<group>"; };
		62A05F511C8FCD6D00C5D699 /* XXBMediaAssetDataSouce.swift */ = {isa = PBXFileReference; fileEncoding = 4; lastKnownFileType = sourcecode.swift; path = XXBMediaAssetDataSouce.swift; sourceTree = "<group>"; };
		62CF09AF1C868BDF00CA0B72 /* XXBDataSouce.swift */ = {isa = PBXFileReference; fileEncoding = 4; lastKnownFileType = sourcecode.swift; path = XXBDataSouce.swift; sourceTree = "<group>"; };
		62CF09B11C868CFC00CA0B72 /* XXBMediaTableViewDataSouce.swift */ = {isa = PBXFileReference; fileEncoding = 4; lastKnownFileType = sourcecode.swift; path = XXBMediaTableViewDataSouce.swift; sourceTree = "<group>"; };
		62DC5EED1C51298F00FD6C5A /* XXBMediaPicker.app */ = {isa = PBXFileReference; explicitFileType = wrapper.application; includeInIndex = 0; path = XXBMediaPicker.app; sourceTree = BUILT_PRODUCTS_DIR; };
		62DC5EF01C51298F00FD6C5A /* AppDelegate.swift */ = {isa = PBXFileReference; lastKnownFileType = sourcecode.swift; path = AppDelegate.swift; sourceTree = "<group>"; };
		62DC5EF21C51298F00FD6C5A /* ViewController.swift */ = {isa = PBXFileReference; lastKnownFileType = sourcecode.swift; path = ViewController.swift; sourceTree = "<group>"; };
		62DC5EF51C51298F00FD6C5A /* Base */ = {isa = PBXFileReference; lastKnownFileType = file.storyboard; name = Base; path = Base.lproj/Main.storyboard; sourceTree = "<group>"; };
		62DC5EF71C51298F00FD6C5A /* Assets.xcassets */ = {isa = PBXFileReference; lastKnownFileType = folder.assetcatalog; path = Assets.xcassets; sourceTree = "<group>"; };
		62DC5EFA1C51298F00FD6C5A /* Base */ = {isa = PBXFileReference; lastKnownFileType = file.storyboard; name = Base; path = Base.lproj/LaunchScreen.storyboard; sourceTree = "<group>"; };
		62DC5EFC1C51298F00FD6C5A /* Info.plist */ = {isa = PBXFileReference; lastKnownFileType = text.plist.xml; path = Info.plist; sourceTree = "<group>"; };
/* End PBXFileReference section */

/* Begin PBXFrameworksBuildPhase section */
		62DC5EEA1C51298F00FD6C5A /* Frameworks */ = {
			isa = PBXFrameworksBuildPhase;
			buildActionMask = 2147483647;
			files = (
			);
			runOnlyForDeploymentPostprocessing = 0;
		};
/* End PBXFrameworksBuildPhase section */

/* Begin PBXGroup section */
		62183C7B1C85DBC100214FCB /* Controller */ = {
			isa = PBXGroup;
			children = (
				62183C7C1C85DBC100214FCB /* XXBMediaGroupVC.swift */,
				62183C7D1C85DBC100214FCB /* XXBMediaPicker.swift */,
				62183C841C85E6D800214FCB /* XXBMediaItemVC.swift */,
			);
			path = Controller;
			sourceTree = "<group>";
		};
		62183C7E1C85DBC100214FCB /* Model */ = {
			isa = PBXGroup;
			children = (
				62A05F4F1C8FCBE400C5D699 /* PHAsset+XXBMediaPHAsset.swift */,
			);
			path = Model;
			sourceTree = "<group>";
		};
		62183C7F1C85DBC100214FCB /* View */ = {
			isa = PBXGroup;
			children = (
				62183C821C85E11F00214FCB /* XXBMediaGroupCell.swift */,
				622A64F01C96AE0E006D5114 /* XXBMediaItemNomalCell.swift */,
			);
			path = View;
			sourceTree = "<group>";
		};
		62CF09AE1C868BAE00CA0B72 /* Others */ = {
			isa = PBXGroup;
			children = (
				62CF09AF1C868BDF00CA0B72 /* XXBDataSouce.swift */,
				62CF09B11C868CFC00CA0B72 /* XXBMediaTableViewDataSouce.swift */,
				62A05F511C8FCD6D00C5D699 /* XXBMediaAssetDataSouce.swift */,
				622A64EE1C96AA25006D5114 /* XXBMediaCollectionViewDataSouce.swift */,
			);
			path = Others;
			sourceTree = "<group>";
		};
		62DC5EE41C51298F00FD6C5A = {
			isa = PBXGroup;
			children = (
				62DC5EEF1C51298F00FD6C5A /* XXBMediaPicker */,
				62DC5EEE1C51298F00FD6C5A /* Products */,
			);
			sourceTree = "<group>";
		};
		62DC5EEE1C51298F00FD6C5A /* Products */ = {
			isa = PBXGroup;
			children = (
				62DC5EED1C51298F00FD6C5A /* XXBMediaPicker.app */,
			);
			name = Products;
			sourceTree = "<group>";
		};
		62DC5EEF1C51298F00FD6C5A /* XXBMediaPicker */ = {
			isa = PBXGroup;
			children = (
				62DC5F021C512B9300FD6C5A /* Class */,
				62DC5EF01C51298F00FD6C5A /* AppDelegate.swift */,
				62DC5EF21C51298F00FD6C5A /* ViewController.swift */,
				62DC5EF41C51298F00FD6C5A /* Main.storyboard */,
				62DC5EF71C51298F00FD6C5A /* Assets.xcassets */,
				62DC5EF91C51298F00FD6C5A /* LaunchScreen.storyboard */,
				62DC5EFC1C51298F00FD6C5A /* Info.plist */,
			);
			path = XXBMediaPicker;
			sourceTree = "<group>";
		};
		62DC5F021C512B9300FD6C5A /* Class */ = {
			isa = PBXGroup;
			children = (
				62CF09AE1C868BAE00CA0B72 /* Others */,
				62183C7B1C85DBC100214FCB /* Controller */,
				62183C7E1C85DBC100214FCB /* Model */,
				62183C7F1C85DBC100214FCB /* View */,
			);
			path = Class;
			sourceTree = "<group>";
		};
/* End PBXGroup section */

/* Begin PBXNativeTarget section */
		62DC5EEC1C51298F00FD6C5A /* XXBMediaPicker */ = {
			isa = PBXNativeTarget;
			buildConfigurationList = 62DC5EFF1C51298F00FD6C5A /* Build configuration list for PBXNativeTarget "XXBMediaPicker" */;
			buildPhases = (
				62DC5EE91C51298F00FD6C5A /* Sources */,
				62DC5EEA1C51298F00FD6C5A /* Frameworks */,
				62DC5EEB1C51298F00FD6C5A /* Resources */,
			);
			buildRules = (
			);
			dependencies = (
			);
			name = XXBMediaPicker;
			productName = XXBMediaPicker;
			productReference = 62DC5EED1C51298F00FD6C5A /* XXBMediaPicker.app */;
			productType = "com.apple.product-type.application";
		};
/* End PBXNativeTarget section */

/* Begin PBXProject section */
		62DC5EE51C51298F00FD6C5A /* Project object */ = {
			isa = PBXProject;
			attributes = {
				LastSwiftUpdateCheck = 0720;
				LastUpgradeCheck = 0720;
				ORGANIZATIONNAME = xiaobing;
				TargetAttributes = {
					62DC5EEC1C51298F00FD6C5A = {
						CreatedOnToolsVersion = 7.2;
					};
				};
			};
			buildConfigurationList = 62DC5EE81C51298F00FD6C5A /* Build configuration list for PBXProject "XXBMediaPicker" */;
			compatibilityVersion = "Xcode 3.2";
			developmentRegion = English;
			hasScannedForEncodings = 0;
			knownRegions = (
				en,
				Base,
			);
			mainGroup = 62DC5EE41C51298F00FD6C5A;
			productRefGroup = 62DC5EEE1C51298F00FD6C5A /* Products */;
			projectDirPath = "";
			projectRoot = "";
			targets = (
				62DC5EEC1C51298F00FD6C5A /* XXBMediaPicker */,
			);
		};
/* End PBXProject section */

/* Begin PBXResourcesBuildPhase section */
		62DC5EEB1C51298F00FD6C5A /* Resources */ = {
			isa = PBXResourcesBuildPhase;
			buildActionMask = 2147483647;
			files = (
				62DC5EFB1C51298F00FD6C5A /* LaunchScreen.storyboard in Resources */,
				62DC5EF81C51298F00FD6C5A /* Assets.xcassets in Resources */,
				62DC5EF61C51298F00FD6C5A /* Main.storyboard in Resources */,
			);
			runOnlyForDeploymentPostprocessing = 0;
		};
/* End PBXResourcesBuildPhase section */

/* Begin PBXSourcesBuildPhase section */
		62DC5EE91C51298F00FD6C5A /* Sources */ = {
			isa = PBXSourcesBuildPhase;
			buildActionMask = 2147483647;
			files = (
				62A05F521C8FCD6D00C5D699 /* XXBMediaAssetDataSouce.swift in Sources */,
				62DC5EF31C51298F00FD6C5A /* ViewController.swift in Sources */,
				62183C801C85DBC100214FCB /* XXBMediaGroupVC.swift in Sources */,
				62CF09B21C868CFC00CA0B72 /* XXBMediaTableViewDataSouce.swift in Sources */,
				62A05F501C8FCBE400C5D699 /* PHAsset+XXBMediaPHAsset.swift in Sources */,
				62DC5EF11C51298F00FD6C5A /* AppDelegate.swift in Sources */,
				622A64F11C96AE0E006D5114 /* XXBMediaItemNomalCell.swift in Sources */,
				62183C811C85DBC100214FCB /* XXBMediaPicker.swift in Sources */,
				62183C831C85E11F00214FCB /* XXBMediaGroupCell.swift in Sources */,
				62183C851C85E6D800214FCB /* XXBMediaItemVC.swift in Sources */,
				622A64EF1C96AA25006D5114 /* XXBMediaCollectionViewDataSouce.swift in Sources */,
				62CF09B01C868BDF00CA0B72 /* XXBDataSouce.swift in Sources */,
			);
			runOnlyForDeploymentPostprocessing = 0;
		};
/* End PBXSourcesBuildPhase section */

/* Begin PBXVariantGroup section */
		62DC5EF41C51298F00FD6C5A /* Main.storyboard */ = {
			isa = PBXVariantGroup;
			children = (
				62DC5EF51C51298F00FD6C5A /* Base */,
			);
			name = Main.storyboard;
			sourceTree = "<group>";
		};
		62DC5EF91C51298F00FD6C5A /* LaunchScreen.storyboard */ = {
			isa = PBXVariantGroup;
			children = (
				62DC5EFA1C51298F00FD6C5A /* Base */,
			);
			name = LaunchScreen.storyboard;
			sourceTree = "<group>";
		};
/* End PBXVariantGroup section */

/* Begin XCBuildConfiguration section */
		62DC5EFD1C51298F00FD6C5A /* Debug */ = {
			isa = XCBuildConfiguration;
			buildSettings = {
				ALWAYS_SEARCH_USER_PATHS = NO;
				CLANG_CXX_LANGUAGE_STANDARD = "gnu++0x";
				CLANG_CXX_LIBRARY = "libc++";
				CLANG_ENABLE_MODULES = YES;
				CLANG_ENABLE_OBJC_ARC = YES;
				CLANG_WARN_BOOL_CONVERSION = YES;
				CLANG_WARN_CONSTANT_CONVERSION = YES;
				CLANG_WARN_DIRECT_OBJC_ISA_USAGE = YES_ERROR;
				CLANG_WARN_EMPTY_BODY = YES;
				CLANG_WARN_ENUM_CONVERSION = YES;
				CLANG_WARN_INT_CONVERSION = YES;
				CLANG_WARN_OBJC_ROOT_CLASS = YES_ERROR;
				CLANG_WARN_UNREACHABLE_CODE = YES;
				CLANG_WARN__DUPLICATE_METHOD_MATCH = YES;
				"CODE_SIGN_IDENTITY[sdk=iphoneos*]" = "iPhone Developer";
				COPY_PHASE_STRIP = NO;
				DEBUG_INFORMATION_FORMAT = dwarf;
				ENABLE_STRICT_OBJC_MSGSEND = YES;
				ENABLE_TESTABILITY = YES;
				GCC_C_LANGUAGE_STANDARD = gnu99;
				GCC_DYNAMIC_NO_PIC = NO;
				GCC_NO_COMMON_BLOCKS = YES;
				GCC_OPTIMIZATION_LEVEL = 0;
				GCC_PREPROCESSOR_DEFINITIONS = (
					"DEBUG=1",
					"$(inherited)",
				);
				GCC_WARN_64_TO_32_BIT_CONVERSION = YES;
				GCC_WARN_ABOUT_RETURN_TYPE = YES_ERROR;
				GCC_WARN_UNDECLARED_SELECTOR = YES;
				GCC_WARN_UNINITIALIZED_AUTOS = YES_AGGRESSIVE;
				GCC_WARN_UNUSED_FUNCTION = YES;
				GCC_WARN_UNUSED_VARIABLE = YES;
				IPHONEOS_DEPLOYMENT_TARGET = 9.2;
				MTL_ENABLE_DEBUG_INFO = YES;
				ONLY_ACTIVE_ARCH = YES;
				SDKROOT = iphoneos;
				SWIFT_OPTIMIZATION_LEVEL = "-Onone";
			};
			name = Debug;
		};
		62DC5EFE1C51298F00FD6C5A /* Release */ = {
			isa = XCBuildConfiguration;
			buildSettings = {
				ALWAYS_SEARCH_USER_PATHS = NO;
				CLANG_CXX_LANGUAGE_STANDARD = "gnu++0x";
				CLANG_CXX_LIBRARY = "libc++";
				CLANG_ENABLE_MODULES = YES;
				CLANG_ENABLE_OBJC_ARC = YES;
				CLANG_WARN_BOOL_CONVERSION = YES;
				CLANG_WARN_CONSTANT_CONVERSION = YES;
				CLANG_WARN_DIRECT_OBJC_ISA_USAGE = YES_ERROR;
				CLANG_WARN_EMPTY_BODY = YES;
				CLANG_WARN_ENUM_CONVERSION = YES;
				CLANG_WARN_INT_CONVERSION = YES;
				CLANG_WARN_OBJC_ROOT_CLASS = YES_ERROR;
				CLANG_WARN_UNREACHABLE_CODE = YES;
				CLANG_WARN__DUPLICATE_METHOD_MATCH = YES;
				"CODE_SIGN_IDENTITY[sdk=iphoneos*]" = "iPhone Developer";
				COPY_PHASE_STRIP = NO;
				DEBUG_INFORMATION_FORMAT = "dwarf-with-dsym";
				ENABLE_NS_ASSERTIONS = NO;
				ENABLE_STRICT_OBJC_MSGSEND = YES;
				GCC_C_LANGUAGE_STANDARD = gnu99;
				GCC_NO_COMMON_BLOCKS = YES;
				GCC_WARN_64_TO_32_BIT_CONVERSION = YES;
				GCC_WARN_ABOUT_RETURN_TYPE = YES_ERROR;
				GCC_WARN_UNDECLARED_SELECTOR = YES;
				GCC_WARN_UNINITIALIZED_AUTOS = YES_AGGRESSIVE;
				GCC_WARN_UNUSED_FUNCTION = YES;
				GCC_WARN_UNUSED_VARIABLE = YES;
				IPHONEOS_DEPLOYMENT_TARGET = 9.2;
				MTL_ENABLE_DEBUG_INFO = NO;
				SDKROOT = iphoneos;
				VALIDATE_PRODUCT = YES;
			};
			name = Release;
		};
		62DC5F001C51298F00FD6C5A /* Debug */ = {
			isa = XCBuildConfiguration;
			buildSettings = {
				ASSETCATALOG_COMPILER_APPICON_NAME = AppIcon;
				INFOPLIST_FILE = XXBMediaPicker/Info.plist;
				IPHONEOS_DEPLOYMENT_TARGET = 8.0;
				LD_RUNPATH_SEARCH_PATHS = "$(inherited) @executable_path/Frameworks";
				PRODUCT_BUNDLE_IDENTIFIER = com.xiaoxiaobing.XXBMediaPicker;
				PRODUCT_NAME = "$(TARGET_NAME)";
			};
			name = Debug;
		};
		62DC5F011C51298F00FD6C5A /* Release */ = {
			isa = XCBuildConfiguration;
			buildSettings = {
				ASSETCATALOG_COMPILER_APPICON_NAME = AppIcon;
				INFOPLIST_FILE = XXBMediaPicker/Info.plist;
				IPHONEOS_DEPLOYMENT_TARGET = 8.0;
				LD_RUNPATH_SEARCH_PATHS = "$(inherited) @executable_path/Frameworks";
				PRODUCT_BUNDLE_IDENTIFIER = com.xiaoxiaobing.XXBMediaPicker;
				PRODUCT_NAME = "$(TARGET_NAME)";
			};
			name = Release;
		};
/* End XCBuildConfiguration section */

/* Begin XCConfigurationList section */
		62DC5EE81C51298F00FD6C5A /* Build configuration list for PBXProject "XXBMediaPicker" */ = {
			isa = XCConfigurationList;
			buildConfigurations = (
				62DC5EFD1C51298F00FD6C5A /* Debug */,
				62DC5EFE1C51298F00FD6C5A /* Release */,
			);
			defaultConfigurationIsVisible = 0;
			defaultConfigurationName = Release;
		};
		62DC5EFF1C51298F00FD6C5A /* Build configuration list for PBXNativeTarget "XXBMediaPicker" */ = {
			isa = XCConfigurationList;
			buildConfigurations = (
				62DC5F001C51298F00FD6C5A /* Debug */,
				62DC5F011C51298F00FD6C5A /* Release */,
			);
			defaultConfigurationIsVisible = 0;
			defaultConfigurationName = Release;
		};
/* End XCConfigurationList section */
	};
	rootObject = 62DC5EE51C51298F00FD6C5A /* Project object */;
}
