// !$*UTF8*$!
{
	archiveVersion = 1;
	classes = {
	};
	objectVersion = 46;
	objects = {

/* Begin PBXBuildFile section */
		6261D2D11C520F4200D7959D /* main.m in Sources */ = {isa = PBXBuildFile; fileRef = 6261D2D01C520F4200D7959D /* main.m */; };
		6261D2D41C520F4200D7959D /* AppDelegate.m in Sources */ = {isa = PBXBuildFile; fileRef = 6261D2D31C520F4200D7959D /* AppDelegate.m */; };
		6261D2D71C520F4200D7959D /* ViewController.m in Sources */ = {isa = PBXBuildFile; fileRef = 6261D2D61C520F4200D7959D /* ViewController.m */; };
		6261D2DA1C520F4200D7959D /* Main.storyboard in Resources */ = {isa = PBXBuildFile; fileRef = 6261D2D81C520F4200D7959D /* Main.storyboard */; };
		6261D2DC1C520F4200D7959D /* Assets.xcassets in Resources */ = {isa = PBXBuildFile; fileRef = 6261D2DB1C520F4200D7959D /* Assets.xcassets */; };
		6261D2DF1C520F4200D7959D /* LaunchScreen.storyboard in Resources */ = {isa = PBXBuildFile; fileRef = 6261D2DD1C520F4200D7959D /* LaunchScreen.storyboard */; };
		6261D2ED1C52100A00D7959D /* XXBMediaPickerController.m in Sources */ = {isa = PBXBuildFile; fileRef = 6261D2EC1C52100A00D7959D /* XXBMediaPickerController.m */; };
		6261D2F01C52107B00D7959D /* XXBMediaPHDataSouce.m in Sources */ = {isa = PBXBuildFile; fileRef = 6261D2EF1C52107B00D7959D /* XXBMediaPHDataSouce.m */; };
		629F4AC11C719822001CEB32 /* XXBBadgeValueBtn.m in Sources */ = {isa = PBXBuildFile; fileRef = 629F4ABA1C719822001CEB32 /* XXBBadgeValueBtn.m */; };
		629F4AC21C719822001CEB32 /* XXBCollectionFootView.m in Sources */ = {isa = PBXBuildFile; fileRef = 629F4ABC1C719822001CEB32 /* XXBCollectionFootView.m */; };
		629F4AC31C719822001CEB32 /* XXBMediaPickerCollectionCell.m in Sources */ = {isa = PBXBuildFile; fileRef = 629F4ABE1C719822001CEB32 /* XXBMediaPickerCollectionCell.m */; };
		629F4AC41C719822001CEB32 /* XXBMediaPickerVideoCollectionCell.m in Sources */ = {isa = PBXBuildFile; fileRef = 629F4AC01C719822001CEB32 /* XXBMediaPickerVideoCollectionCell.m */; };
		629F4AD21C71A3A4001CEB32 /* XXBMakePhoto@2x.png in Resources */ = {isa = PBXBuildFile; fileRef = 629F4AC61C71A3A4001CEB32 /* XXBMakePhoto@2x.png */; };
		629F4AD31C71A3A4001CEB32 /* XXBMakePhoto@3x.png in Resources */ = {isa = PBXBuildFile; fileRef = 629F4AC71C71A3A4001CEB32 /* XXBMakePhoto@3x.png */; };
		629F4AD41C71A3A4001CEB32 /* XXBMakeVideo@2x.png in Resources */ = {isa = PBXBuildFile; fileRef = 629F4AC81C71A3A4001CEB32 /* XXBMakeVideo@2x.png */; };
		629F4AD51C71A3A4001CEB32 /* XXBMakeVideo@3x.png in Resources */ = {isa = PBXBuildFile; fileRef = 629F4AC91C71A3A4001CEB32 /* XXBMakeVideo@3x.png */; };
		629F4AD61C71A3A4001CEB32 /* XXBPageNumber@2x.png in Resources */ = {isa = PBXBuildFile; fileRef = 629F4ACA1C71A3A4001CEB32 /* XXBPageNumber@2x.png */; };
		629F4AD71C71A3A4001CEB32 /* XXBPageNumber@3x.png in Resources */ = {isa = PBXBuildFile; fileRef = 629F4ACB1C71A3A4001CEB32 /* XXBPageNumber@3x.png */; };
		629F4AD81C71A3A4001CEB32 /* XXBPhoto@2x.png in Resources */ = {isa = PBXBuildFile; fileRef = 629F4ACC1C71A3A4001CEB32 /* XXBPhoto@2x.png */; };
		629F4AD91C71A3A4001CEB32 /* XXBPhoto@3x.png in Resources */ = {isa = PBXBuildFile; fileRef = 629F4ACD1C71A3A4001CEB32 /* XXBPhoto@3x.png */; };
		629F4ADA1C71A3A4001CEB32 /* XXBPhotoSelected@2x.png in Resources */ = {isa = PBXBuildFile; fileRef = 629F4ACE1C71A3A4001CEB32 /* XXBPhotoSelected@2x.png */; };
		629F4ADB1C71A3A4001CEB32 /* XXBPhotoSelected@3x.png in Resources */ = {isa = PBXBuildFile; fileRef = 629F4ACF1C71A3A4001CEB32 /* XXBPhotoSelected@3x.png */; };
		629F4ADC1C71A3A4001CEB32 /* XXBVideo_L_B@2x.png in Resources */ = {isa = PBXBuildFile; fileRef = 629F4AD01C71A3A4001CEB32 /* XXBVideo_L_B@2x.png */; };
		629F4ADD1C71A3A4001CEB32 /* XXBVideo_L_B@3x.png in Resources */ = {isa = PBXBuildFile; fileRef = 629F4AD11C71A3A4001CEB32 /* XXBVideo_L_B@3x.png */; };
		629F4AE01C71B7F3001CEB32 /* XXBMediaDataSouce.m in Sources */ = {isa = PBXBuildFile; fileRef = 629F4ADF1C71B7F3001CEB32 /* XXBMediaDataSouce.m */; };
		62A285781C6303F400EF8BD8 /* PHAsset+XXBMediaPHAsset.m in Sources */ = {isa = PBXBuildFile; fileRef = 62A285771C6303F400EF8BD8 /* PHAsset+XXBMediaPHAsset.m */; };
		62A2857E1C631AB000EF8BD8 /* NSIndexSet+Convenience.m in Sources */ = {isa = PBXBuildFile; fileRef = 62A2857D1C631AB000EF8BD8 /* NSIndexSet+Convenience.m */; };
		62B404D41C61FBCC001D2BB9 /* XXBMediaPickerCollectionController.m in Sources */ = {isa = PBXBuildFile; fileRef = 62B404D31C61FBCC001D2BB9 /* XXBMediaPickerCollectionController.m */; };
		62DC4BDB1C61DA9E00968A0F /* XXBMediaPickerTableViewController.m in Sources */ = {isa = PBXBuildFile; fileRef = 62DC4BDA1C61DA9E00968A0F /* XXBMediaPickerTableViewController.m */; };
/* End PBXBuildFile section */

/* Begin PBXFileReference section */
		6261D2CC1C520F4200D7959D /* XXBMediaPicker.app */ = {isa = PBXFileReference; explicitFileType = wrapper.application; includeInIndex = 0; path = XXBMediaPicker.app; sourceTree = BUILT_PRODUCTS_DIR; };
		6261D2D01C520F4200D7959D /* main.m */ = {isa = PBXFileReference; lastKnownFileType = sourcecode.c.objc; path = main.m; sourceTree = "<group>"; };
		6261D2D21C520F4200D7959D /* AppDelegate.h */ = {isa = PBXFileReference; lastKnownFileType = sourcecode.c.h; path = AppDelegate.h; sourceTree = "<group>"; };
		6261D2D31C520F4200D7959D /* AppDelegate.m */ = {isa = PBXFileReference; lastKnownFileType = sourcecode.c.objc; path = AppDelegate.m; sourceTree = "<group>"; };
		6261D2D51C520F4200D7959D /* ViewController.h */ = {isa = PBXFileReference; lastKnownFileType = sourcecode.c.h; path = ViewController.h; sourceTree = "<group>"; };
		6261D2D61C520F4200D7959D /* ViewController.m */ = {isa = PBXFileReference; lastKnownFileType = sourcecode.c.objc; path = ViewController.m; sourceTree = "<group>"; };
		6261D2D91C520F4200D7959D /* Base */ = {isa = PBXFileReference; lastKnownFileType = file.storyboard; name = Base; path = Base.lproj/Main.storyboard; sourceTree = "<group>"; };
		6261D2DB1C520F4200D7959D /* Assets.xcassets */ = {isa = PBXFileReference; lastKnownFileType = folder.assetcatalog; path = Assets.xcassets; sourceTree = "<group>"; };
		6261D2DE1C520F4200D7959D /* Base */ = {isa = PBXFileReference; lastKnownFileType = file.storyboard; name = Base; path = Base.lproj/LaunchScreen.storyboard; sourceTree = "<group>"; };
		6261D2E01C520F4200D7959D /* Info.plist */ = {isa = PBXFileReference; lastKnownFileType = text.plist.xml; path = Info.plist; sourceTree = "<group>"; };
		6261D2EB1C52100A00D7959D /* XXBMediaPickerController.h */ = {isa = PBXFileReference; fileEncoding = 4; lastKnownFileType = sourcecode.c.h; path = XXBMediaPickerController.h; sourceTree = "<group>"; };
		6261D2EC1C52100A00D7959D /* XXBMediaPickerController.m */ = {isa = PBXFileReference; fileEncoding = 4; lastKnownFileType = sourcecode.c.objc; path = XXBMediaPickerController.m; sourceTree = "<group>"; };
		6261D2EE1C52107B00D7959D /* XXBMediaPHDataSouce.h */ = {isa = PBXFileReference; fileEncoding = 4; lastKnownFileType = sourcecode.c.h; path = XXBMediaPHDataSouce.h; sourceTree = "<group>"; };
		6261D2EF1C52107B00D7959D /* XXBMediaPHDataSouce.m */ = {isa = PBXFileReference; fileEncoding = 4; lastKnownFileType = sourcecode.c.objc; path = XXBMediaPHDataSouce.m; sourceTree = "<group>"; };
		629F4AB91C719822001CEB32 /* XXBBadgeValueBtn.h */ = {isa = PBXFileReference; fileEncoding = 4; lastKnownFileType = sourcecode.c.h; path = XXBBadgeValueBtn.h; sourceTree = "<group>"; };
		629F4ABA1C719822001CEB32 /* XXBBadgeValueBtn.m */ = {isa = PBXFileReference; fileEncoding = 4; lastKnownFileType = sourcecode.c.objc; path = XXBBadgeValueBtn.m; sourceTree = "<group>"; };
		629F4ABB1C719822001CEB32 /* XXBCollectionFootView.h */ = {isa = PBXFileReference; fileEncoding = 4; lastKnownFileType = sourcecode.c.h; path = XXBCollectionFootView.h; sourceTree = "<group>"; };
		629F4ABC1C719822001CEB32 /* XXBCollectionFootView.m */ = {isa = PBXFileReference; fileEncoding = 4; lastKnownFileType = sourcecode.c.objc; path = XXBCollectionFootView.m; sourceTree = "<group>"; };
		629F4ABD1C719822001CEB32 /* XXBMediaPickerCollectionCell.h */ = {isa = PBXFileReference; fileEncoding = 4; lastKnownFileType = sourcecode.c.h; path = XXBMediaPickerCollectionCell.h; sourceTree = "<group>"; };
		629F4ABE1C719822001CEB32 /* XXBMediaPickerCollectionCell.m */ = {isa = PBXFileReference; fileEncoding = 4; lastKnownFileType = sourcecode.c.objc; path = XXBMediaPickerCollectionCell.m; sourceTree = "<group>"; };
		629F4ABF1C719822001CEB32 /* XXBMediaPickerVideoCollectionCell.h */ = {isa = PBXFileReference; fileEncoding = 4; lastKnownFileType = sourcecode.c.h; path = XXBMediaPickerVideoCollectionCell.h; sourceTree = "<group>"; };
		629F4AC01C719822001CEB32 /* XXBMediaPickerVideoCollectionCell.m */ = {isa = PBXFileReference; fileEncoding = 4; lastKnownFileType = sourcecode.c.objc; path = XXBMediaPickerVideoCollectionCell.m; sourceTree = "<group>"; };
		629F4AC61C71A3A4001CEB32 /* XXBMakePhoto@2x.png */ = {isa = PBXFileReference; lastKnownFileType = image.png; path = "XXBMakePhoto@2x.png"; sourceTree = "<group>"; };
		629F4AC71C71A3A4001CEB32 /* XXBMakePhoto@3x.png */ = {isa = PBXFileReference; lastKnownFileType = image.png; path = "XXBMakePhoto@3x.png"; sourceTree = "<group>"; };
		629F4AC81C71A3A4001CEB32 /* XXBMakeVideo@2x.png */ = {isa = PBXFileReference; lastKnownFileType = image.png; path = "XXBMakeVideo@2x.png"; sourceTree = "<group>"; };
		629F4AC91C71A3A4001CEB32 /* XXBMakeVideo@3x.png */ = {isa = PBXFileReference; lastKnownFileType = image.png; path = "XXBMakeVideo@3x.png"; sourceTree = "<group>"; };
		629F4ACA1C71A3A4001CEB32 /* XXBPageNumber@2x.png */ = {isa = PBXFileReference; lastKnownFileType = image.png; path = "XXBPageNumber@2x.png"; sourceTree = "<group>"; };
		629F4ACB1C71A3A4001CEB32 /* XXBPageNumber@3x.png */ = {isa = PBXFileReference; lastKnownFileType = image.png; path = "XXBPageNumber@3x.png"; sourceTree = "<group>"; };
		629F4ACC1C71A3A4001CEB32 /* XXBPhoto@2x.png */ = {isa = PBXFileReference; lastKnownFileType = image.png; path = "XXBPhoto@2x.png"; sourceTree = "<group>"; };
		629F4ACD1C71A3A4001CEB32 /* XXBPhoto@3x.png */ = {isa = PBXFileReference; lastKnownFileType = image.png; path = "XXBPhoto@3x.png"; sourceTree = "<group>"; };
		629F4ACE1C71A3A4001CEB32 /* XXBPhotoSelected@2x.png */ = {isa = PBXFileReference; lastKnownFileType = image.png; path = "XXBPhotoSelected@2x.png"; sourceTree = "<group>"; };
		629F4ACF1C71A3A4001CEB32 /* XXBPhotoSelected@3x.png */ = {isa = PBXFileReference; lastKnownFileType = image.png; path = "XXBPhotoSelected@3x.png"; sourceTree = "<group>"; };
		629F4AD01C71A3A4001CEB32 /* XXBVideo_L_B@2x.png */ = {isa = PBXFileReference; lastKnownFileType = image.png; path = "XXBVideo_L_B@2x.png"; sourceTree = "<group>"; };
		629F4AD11C71A3A4001CEB32 /* XXBVideo_L_B@3x.png */ = {isa = PBXFileReference; lastKnownFileType = image.png; path = "XXBVideo_L_B@3x.png"; sourceTree = "<group>"; };
		629F4ADE1C71B7F3001CEB32 /* XXBMediaDataSouce.h */ = {isa = PBXFileReference; fileEncoding = 4; lastKnownFileType = sourcecode.c.h; path = XXBMediaDataSouce.h; sourceTree = "<group>"; };
		629F4ADF1C71B7F3001CEB32 /* XXBMediaDataSouce.m */ = {isa = PBXFileReference; fileEncoding = 4; lastKnownFileType = sourcecode.c.objc; path = XXBMediaDataSouce.m; sourceTree = "<group>"; };
		62A285731C62FADE00EF8BD8 /* XXBMediaAssetDataSouce.h */ = {isa = PBXFileReference; fileEncoding = 4; lastKnownFileType = sourcecode.c.h; path = XXBMediaAssetDataSouce.h; sourceTree = "<group>"; };
		62A285761C6303F400EF8BD8 /* PHAsset+XXBMediaPHAsset.h */ = {isa = PBXFileReference; fileEncoding = 4; lastKnownFileType = sourcecode.c.h; path = "PHAsset+XXBMediaPHAsset.h"; sourceTree = "<group>"; };
		62A285771C6303F400EF8BD8 /* PHAsset+XXBMediaPHAsset.m */ = {isa = PBXFileReference; fileEncoding = 4; lastKnownFileType = sourcecode.c.objc; path = "PHAsset+XXBMediaPHAsset.m"; sourceTree = "<group>"; };
		62A2857C1C631AB000EF8BD8 /* NSIndexSet+Convenience.h */ = {isa = PBXFileReference; fileEncoding = 4; lastKnownFileType = sourcecode.c.h; path = "NSIndexSet+Convenience.h"; sourceTree = "<group>"; };
		62A2857D1C631AB000EF8BD8 /* NSIndexSet+Convenience.m */ = {isa = PBXFileReference; fileEncoding = 4; lastKnownFileType = sourcecode.c.objc; path = "NSIndexSet+Convenience.m"; sourceTree = "<group>"; };
		62B404D21C61FBCC001D2BB9 /* XXBMediaPickerCollectionController.h */ = {isa = PBXFileReference; fileEncoding = 4; lastKnownFileType = sourcecode.c.h; path = XXBMediaPickerCollectionController.h; sourceTree = "<group>"; };
		62B404D31C61FBCC001D2BB9 /* XXBMediaPickerCollectionController.m */ = {isa = PBXFileReference; fileEncoding = 4; lastKnownFileType = sourcecode.c.objc; path = XXBMediaPickerCollectionController.m; sourceTree = "<group>"; };
		62DC4BD01C61AD8B00968A0F /* XXBMediaCollectionDataSouce.h */ = {isa = PBXFileReference; fileEncoding = 4; lastKnownFileType = sourcecode.c.h; path = XXBMediaCollectionDataSouce.h; sourceTree = "<group>"; };
		62DC4BD61C61D7C400968A0F /* XXBMediaTableViewDataSouce.h */ = {isa = PBXFileReference; fileEncoding = 4; lastKnownFileType = sourcecode.c.h; path = XXBMediaTableViewDataSouce.h; sourceTree = "<group>"; };
		62DC4BD91C61DA9E00968A0F /* XXBMediaPickerTableViewController.h */ = {isa = PBXFileReference; fileEncoding = 4; lastKnownFileType = sourcecode.c.h; path = XXBMediaPickerTableViewController.h; sourceTree = "<group>"; };
		62DC4BDA1C61DA9E00968A0F /* XXBMediaPickerTableViewController.m */ = {isa = PBXFileReference; fileEncoding = 4; lastKnownFileType = sourcecode.c.objc; path = XXBMediaPickerTableViewController.m; sourceTree = "<group>"; };
/* End PBXFileReference section */

/* Begin PBXFrameworksBuildPhase section */
		6261D2C91C520F4200D7959D /* Frameworks */ = {
			isa = PBXFrameworksBuildPhase;
			buildActionMask = 2147483647;
			files = (
			);
			runOnlyForDeploymentPostprocessing = 0;
		};
/* End PBXFrameworksBuildPhase section */

/* Begin PBXGroup section */
		6261D2C31C520F4200D7959D = {
			isa = PBXGroup;
			children = (
				6261D2CE1C520F4200D7959D /* XXBMediaPicker */,
				6261D2CD1C520F4200D7959D /* Products */,
			);
			sourceTree = "<group>";
		};
		6261D2CD1C520F4200D7959D /* Products */ = {
			isa = PBXGroup;
			children = (
				6261D2CC1C520F4200D7959D /* XXBMediaPicker.app */,
			);
			name = Products;
			sourceTree = "<group>";
		};
		6261D2CE1C520F4200D7959D /* XXBMediaPicker */ = {
			isa = PBXGroup;
			children = (
				6261D2E61C520FA100D7959D /* Class */,
				6261D2D21C520F4200D7959D /* AppDelegate.h */,
				6261D2D31C520F4200D7959D /* AppDelegate.m */,
				6261D2D51C520F4200D7959D /* ViewController.h */,
				6261D2D61C520F4200D7959D /* ViewController.m */,
				6261D2D81C520F4200D7959D /* Main.storyboard */,
				6261D2DB1C520F4200D7959D /* Assets.xcassets */,
				6261D2DD1C520F4200D7959D /* LaunchScreen.storyboard */,
				6261D2E01C520F4200D7959D /* Info.plist */,
				6261D2CF1C520F4200D7959D /* Supporting Files */,
			);
			path = XXBMediaPicker;
			sourceTree = "<group>";
		};
		6261D2CF1C520F4200D7959D /* Supporting Files */ = {
			isa = PBXGroup;
			children = (
				6261D2D01C520F4200D7959D /* main.m */,
			);
			name = "Supporting Files";
			sourceTree = "<group>";
		};
		6261D2E61C520FA100D7959D /* Class */ = {
			isa = PBXGroup;
			children = (
				6261D2E81C520FA100D7959D /* Model */,
				629F4AB81C719822001CEB32 /* View */,
				6261D2E71C520FA100D7959D /* Controller */,
				6261D2E91C520FA100D7959D /* Others */,
				629F4AC51C71A3A4001CEB32 /* res */,
			);
			path = Class;
			sourceTree = SOURCE_ROOT;
		};
		6261D2E71C520FA100D7959D /* Controller */ = {
			isa = PBXGroup;
			children = (
				6261D2EB1C52100A00D7959D /* XXBMediaPickerController.h */,
				6261D2EC1C52100A00D7959D /* XXBMediaPickerController.m */,
				62DC4BD91C61DA9E00968A0F /* XXBMediaPickerTableViewController.h */,
				62DC4BDA1C61DA9E00968A0F /* XXBMediaPickerTableViewController.m */,
				62B404D21C61FBCC001D2BB9 /* XXBMediaPickerCollectionController.h */,
				62B404D31C61FBCC001D2BB9 /* XXBMediaPickerCollectionController.m */,
			);
			path = Controller;
			sourceTree = "<group>";
		};
		6261D2E81C520FA100D7959D /* Model */ = {
			isa = PBXGroup;
			children = (
				62A285761C6303F400EF8BD8 /* PHAsset+XXBMediaPHAsset.h */,
				62A285771C6303F400EF8BD8 /* PHAsset+XXBMediaPHAsset.m */,
			);
			path = Model;
			sourceTree = "<group>";
		};
		6261D2E91C520FA100D7959D /* Others */ = {
			isa = PBXGroup;
			children = (
				62A2857C1C631AB000EF8BD8 /* NSIndexSet+Convenience.h */,
				62A2857D1C631AB000EF8BD8 /* NSIndexSet+Convenience.m */,
				6261D2EE1C52107B00D7959D /* XXBMediaPHDataSouce.h */,
				6261D2EF1C52107B00D7959D /* XXBMediaPHDataSouce.m */,
				62DC4BD01C61AD8B00968A0F /* XXBMediaCollectionDataSouce.h */,
				62DC4BD61C61D7C400968A0F /* XXBMediaTableViewDataSouce.h */,
				62A285731C62FADE00EF8BD8 /* XXBMediaAssetDataSouce.h */,
				629F4ADE1C71B7F3001CEB32 /* XXBMediaDataSouce.h */,
				629F4ADF1C71B7F3001CEB32 /* XXBMediaDataSouce.m */,
			);
			path = Others;
			sourceTree = "<group>";
		};
		629F4AB81C719822001CEB32 /* View */ = {
			isa = PBXGroup;
			children = (
				629F4AB91C719822001CEB32 /* XXBBadgeValueBtn.h */,
				629F4ABA1C719822001CEB32 /* XXBBadgeValueBtn.m */,
				629F4ABB1C719822001CEB32 /* XXBCollectionFootView.h */,
				629F4ABC1C719822001CEB32 /* XXBCollectionFootView.m */,
				629F4ABD1C719822001CEB32 /* XXBMediaPickerCollectionCell.h */,
				629F4ABE1C719822001CEB32 /* XXBMediaPickerCollectionCell.m */,
				629F4ABF1C719822001CEB32 /* XXBMediaPickerVideoCollectionCell.h */,
				629F4AC01C719822001CEB32 /* XXBMediaPickerVideoCollectionCell.m */,
			);
			path = View;
			sourceTree = "<group>";
		};
		629F4AC51C71A3A4001CEB32 /* res */ = {
			isa = PBXGroup;
			children = (
				629F4AC61C71A3A4001CEB32 /* XXBMakePhoto@2x.png */,
				629F4AC71C71A3A4001CEB32 /* XXBMakePhoto@3x.png */,
				629F4AC81C71A3A4001CEB32 /* XXBMakeVideo@2x.png */,
				629F4AC91C71A3A4001CEB32 /* XXBMakeVideo@3x.png */,
				629F4ACA1C71A3A4001CEB32 /* XXBPageNumber@2x.png */,
				629F4ACB1C71A3A4001CEB32 /* XXBPageNumber@3x.png */,
				629F4ACC1C71A3A4001CEB32 /* XXBPhoto@2x.png */,
				629F4ACD1C71A3A4001CEB32 /* XXBPhoto@3x.png */,
				629F4ACE1C71A3A4001CEB32 /* XXBPhotoSelected@2x.png */,
				629F4ACF1C71A3A4001CEB32 /* XXBPhotoSelected@3x.png */,
				629F4AD01C71A3A4001CEB32 /* XXBVideo_L_B@2x.png */,
				629F4AD11C71A3A4001CEB32 /* XXBVideo_L_B@3x.png */,
			);
			path = res;
			sourceTree = "<group>";
		};
/* End PBXGroup section */

/* Begin PBXNativeTarget section */
		6261D2CB1C520F4200D7959D /* XXBMediaPicker */ = {
			isa = PBXNativeTarget;
			buildConfigurationList = 6261D2E31C520F4200D7959D /* Build configuration list for PBXNativeTarget "XXBMediaPicker" */;
			buildPhases = (
				6261D2C81C520F4200D7959D /* Sources */,
				6261D2C91C520F4200D7959D /* Frameworks */,
				6261D2CA1C520F4200D7959D /* Resources */,
			);
			buildRules = (
			);
			dependencies = (
			);
			name = XXBMediaPicker;
			productName = XXBMediaPicker;
			productReference = 6261D2CC1C520F4200D7959D /* XXBMediaPicker.app */;
			productType = "com.apple.product-type.application";
		};
/* End PBXNativeTarget section */

/* Begin PBXProject section */
		6261D2C41C520F4200D7959D /* Project object */ = {
			isa = PBXProject;
			attributes = {
				LastUpgradeCheck = 0720;
				ORGANIZATIONNAME = xiaobing;
				TargetAttributes = {
					6261D2CB1C520F4200D7959D = {
						CreatedOnToolsVersion = 7.2;
					};
				};
			};
			buildConfigurationList = 6261D2C71C520F4200D7959D /* Build configuration list for PBXProject "XXBMediaPicker" */;
			compatibilityVersion = "Xcode 3.2";
			developmentRegion = English;
			hasScannedForEncodings = 0;
			knownRegions = (
				en,
				Base,
			);
			mainGroup = 6261D2C31C520F4200D7959D;
			productRefGroup = 6261D2CD1C520F4200D7959D /* Products */;
			projectDirPath = "";
			projectRoot = "";
			targets = (
				6261D2CB1C520F4200D7959D /* XXBMediaPicker */,
			);
		};
/* End PBXProject section */

/* Begin PBXResourcesBuildPhase section */
		6261D2CA1C520F4200D7959D /* Resources */ = {
			isa = PBXResourcesBuildPhase;
			buildActionMask = 2147483647;
			files = (
				6261D2DF1C520F4200D7959D /* LaunchScreen.storyboard in Resources */,
				629F4ADA1C71A3A4001CEB32 /* XXBPhotoSelected@2x.png in Resources */,
				629F4AD61C71A3A4001CEB32 /* XXBPageNumber@2x.png in Resources */,
				629F4AD51C71A3A4001CEB32 /* XXBMakeVideo@3x.png in Resources */,
				629F4AD31C71A3A4001CEB32 /* XXBMakePhoto@3x.png in Resources */,
				629F4AD81C71A3A4001CEB32 /* XXBPhoto@2x.png in Resources */,
				629F4ADD1C71A3A4001CEB32 /* XXBVideo_L_B@3x.png in Resources */,
				6261D2DC1C520F4200D7959D /* Assets.xcassets in Resources */,
				629F4ADC1C71A3A4001CEB32 /* XXBVideo_L_B@2x.png in Resources */,
				629F4AD71C71A3A4001CEB32 /* XXBPageNumber@3x.png in Resources */,
				629F4AD41C71A3A4001CEB32 /* XXBMakeVideo@2x.png in Resources */,
				629F4ADB1C71A3A4001CEB32 /* XXBPhotoSelected@3x.png in Resources */,
				629F4AD91C71A3A4001CEB32 /* XXBPhoto@3x.png in Resources */,
				629F4AD21C71A3A4001CEB32 /* XXBMakePhoto@2x.png in Resources */,
				6261D2DA1C520F4200D7959D /* Main.storyboard in Resources */,
			);
			runOnlyForDeploymentPostprocessing = 0;
		};
/* End PBXResourcesBuildPhase section */

/* Begin PBXSourcesBuildPhase section */
		6261D2C81C520F4200D7959D /* Sources */ = {
			isa = PBXSourcesBuildPhase;
			buildActionMask = 2147483647;
			files = (
				6261D2ED1C52100A00D7959D /* XXBMediaPickerController.m in Sources */,
				6261D2D71C520F4200D7959D /* ViewController.m in Sources */,
				62B404D41C61FBCC001D2BB9 /* XXBMediaPickerCollectionController.m in Sources */,
				62DC4BDB1C61DA9E00968A0F /* XXBMediaPickerTableViewController.m in Sources */,
				62A285781C6303F400EF8BD8 /* PHAsset+XXBMediaPHAsset.m in Sources */,
				6261D2D41C520F4200D7959D /* AppDelegate.m in Sources */,
				62A2857E1C631AB000EF8BD8 /* NSIndexSet+Convenience.m in Sources */,
				629F4AC41C719822001CEB32 /* XXBMediaPickerVideoCollectionCell.m in Sources */,
				6261D2D11C520F4200D7959D /* main.m in Sources */,
				6261D2F01C52107B00D7959D /* XXBMediaPHDataSouce.m in Sources */,
				629F4AC11C719822001CEB32 /* XXBBadgeValueBtn.m in Sources */,
				629F4AE01C71B7F3001CEB32 /* XXBMediaDataSouce.m in Sources */,
				629F4AC21C719822001CEB32 /* XXBCollectionFootView.m in Sources */,
				629F4AC31C719822001CEB32 /* XXBMediaPickerCollectionCell.m in Sources */,
			);
			runOnlyForDeploymentPostprocessing = 0;
		};
/* End PBXSourcesBuildPhase section */

/* Begin PBXVariantGroup section */
		6261D2D81C520F4200D7959D /* Main.storyboard */ = {
			isa = PBXVariantGroup;
			children = (
				6261D2D91C520F4200D7959D /* Base */,
			);
			name = Main.storyboard;
			sourceTree = "<group>";
		};
		6261D2DD1C520F4200D7959D /* LaunchScreen.storyboard */ = {
			isa = PBXVariantGroup;
			children = (
				6261D2DE1C520F4200D7959D /* Base */,
			);
			name = LaunchScreen.storyboard;
			sourceTree = "<group>";
		};
/* End PBXVariantGroup section */

/* Begin XCBuildConfiguration section */
		6261D2E11C520F4200D7959D /* Debug */ = {
			isa = XCBuildConfiguration;
			buildSettings = {
				ALWAYS_SEARCH_USER_PATHS = NO;
				CLANG_CXX_LANGUAGE_STANDARD = "gnu++0x";
				CLANG_CXX_LIBRARY = "libc++";
				CLANG_ENABLE_MODULES = YES;
				CLANG_ENABLE_OBJC_ARC = YES;
				CLANG_WARN_BOOL_CONVERSION = YES;
				CLANG_WARN_CONSTANT_CONVERSION = YES;
				CLANG_WARN_DIRECT_OBJC_ISA_USAGE = YES_ERROR;
				CLANG_WARN_EMPTY_BODY = YES;
				CLANG_WARN_ENUM_CONVERSION = YES;
				CLANG_WARN_INT_CONVERSION = YES;
				CLANG_WARN_OBJC_ROOT_CLASS = YES_ERROR;
				CLANG_WARN_UNREACHABLE_CODE = YES;
				CLANG_WARN__DUPLICATE_METHOD_MATCH = YES;
				"CODE_SIGN_IDENTITY[sdk=iphoneos*]" = "iPhone Developer";
				COPY_PHASE_STRIP = NO;
				DEBUG_INFORMATION_FORMAT = dwarf;
				ENABLE_STRICT_OBJC_MSGSEND = YES;
				ENABLE_TESTABILITY = YES;
				GCC_C_LANGUAGE_STANDARD = gnu99;
				GCC_DYNAMIC_NO_PIC = NO;
				GCC_NO_COMMON_BLOCKS = YES;
				GCC_OPTIMIZATION_LEVEL = 0;
				GCC_PREPROCESSOR_DEFINITIONS = (
					"DEBUG=1",
					"$(inherited)",
				);
				GCC_WARN_64_TO_32_BIT_CONVERSION = YES;
				GCC_WARN_ABOUT_RETURN_TYPE = YES_ERROR;
				GCC_WARN_UNDECLARED_SELECTOR = YES;
				GCC_WARN_UNINITIALIZED_AUTOS = YES_AGGRESSIVE;
				GCC_WARN_UNUSED_FUNCTION = YES;
				GCC_WARN_UNUSED_VARIABLE = YES;
				IPHONEOS_DEPLOYMENT_TARGET = 9.2;
				MTL_ENABLE_DEBUG_INFO = YES;
				ONLY_ACTIVE_ARCH = YES;
				SDKROOT = iphoneos;
			};
			name = Debug;
		};
		6261D2E21C520F4200D7959D /* Release */ = {
			isa = XCBuildConfiguration;
			buildSettings = {
				ALWAYS_SEARCH_USER_PATHS = NO;
				CLANG_CXX_LANGUAGE_STANDARD = "gnu++0x";
				CLANG_CXX_LIBRARY = "libc++";
				CLANG_ENABLE_MODULES = YES;
				CLANG_ENABLE_OBJC_ARC = YES;
				CLANG_WARN_BOOL_CONVERSION = YES;
				CLANG_WARN_CONSTANT_CONVERSION = YES;
				CLANG_WARN_DIRECT_OBJC_ISA_USAGE = YES_ERROR;
				CLANG_WARN_EMPTY_BODY = YES;
				CLANG_WARN_ENUM_CONVERSION = YES;
				CLANG_WARN_INT_CONVERSION = YES;
				CLANG_WARN_OBJC_ROOT_CLASS = YES_ERROR;
				CLANG_WARN_UNREACHABLE_CODE = YES;
				CLANG_WARN__DUPLICATE_METHOD_MATCH = YES;
				"CODE_SIGN_IDENTITY[sdk=iphoneos*]" = "iPhone Developer";
				COPY_PHASE_STRIP = NO;
				DEBUG_INFORMATION_FORMAT = "dwarf-with-dsym";
				ENABLE_NS_ASSERTIONS = NO;
				ENABLE_STRICT_OBJC_MSGSEND = YES;
				GCC_C_LANGUAGE_STANDARD = gnu99;
				GCC_NO_COMMON_BLOCKS = YES;
				GCC_WARN_64_TO_32_BIT_CONVERSION = YES;
				GCC_WARN_ABOUT_RETURN_TYPE = YES_ERROR;
				GCC_WARN_UNDECLARED_SELECTOR = YES;
				GCC_WARN_UNINITIALIZED_AUTOS = YES_AGGRESSIVE;
				GCC_WARN_UNUSED_FUNCTION = YES;
				GCC_WARN_UNUSED_VARIABLE = YES;
				IPHONEOS_DEPLOYMENT_TARGET = 9.2;
				MTL_ENABLE_DEBUG_INFO = NO;
				SDKROOT = iphoneos;
				VALIDATE_PRODUCT = YES;
			};
			name = Release;
		};
		6261D2E41C520F4200D7959D /* Debug */ = {
			isa = XCBuildConfiguration;
			buildSettings = {
				ASSETCATALOG_COMPILER_APPICON_NAME = AppIcon;
				INFOPLIST_FILE = XXBMediaPicker/Info.plist;
				IPHONEOS_DEPLOYMENT_TARGET = 8.0;
				LD_RUNPATH_SEARCH_PATHS = "$(inherited) @executable_path/Frameworks";
				PRODUCT_BUNDLE_IDENTIFIER = com.xiaoxiaobing.XXBMediaPicker;
				PRODUCT_NAME = "$(TARGET_NAME)";
			};
			name = Debug;
		};
		6261D2E51C520F4200D7959D /* Release */ = {
			isa = XCBuildConfiguration;
			buildSettings = {
				ASSETCATALOG_COMPILER_APPICON_NAME = AppIcon;
				INFOPLIST_FILE = XXBMediaPicker/Info.plist;
				IPHONEOS_DEPLOYMENT_TARGET = 8.0;
				LD_RUNPATH_SEARCH_PATHS = "$(inherited) @executable_path/Frameworks";
				PRODUCT_BUNDLE_IDENTIFIER = com.xiaoxiaobing.XXBMediaPicker;
				PRODUCT_NAME = "$(TARGET_NAME)";
			};
			name = Release;
		};
/* End XCBuildConfiguration section */

/* Begin XCConfigurationList section */
		6261D2C71C520F4200D7959D /* Build configuration list for PBXProject "XXBMediaPicker" */ = {
			isa = XCConfigurationList;
			buildConfigurations = (
				6261D2E11C520F4200D7959D /* Debug */,
				6261D2E21C520F4200D7959D /* Release */,
			);
			defaultConfigurationIsVisible = 0;
			defaultConfigurationName = Release;
		};
		6261D2E31C520F4200D7959D /* Build configuration list for PBXNativeTarget "XXBMediaPicker" */ = {
			isa = XCConfigurationList;
			buildConfigurations = (
				6261D2E41C520F4200D7959D /* Debug */,
				6261D2E51C520F4200D7959D /* Release */,
			);
			defaultConfigurationIsVisible = 0;
			defaultConfigurationName = Release;
		};
/* End XCConfigurationList section */
	};
	rootObject = 6261D2C41C520F4200D7959D /* Project object */;
}
